
Microsoft Visual Studio Solution File, Format Version 12.00
# Visual Studio Version 16
VisualStudioVersion = 16.0.31105.61
MinimumVisualStudioVersion = 10.0.40219.1
Project("{FAE04EC0-301F-11D3-BF4B-00C04F79EFBC}") = "exemple", "exemple.csproj", "{A9AD4F70-1082-4D46-B7C3-465B03FBA827}"
EndProject
Global
	GlobalSection(SolutionConfigurationPlatforms) = preSolution
		Debug|Any CPU = Debug|Any CPU
		Release|Any CPU = Release|Any CPU
	EndGlobalSection
	GlobalSection(ProjectConfigurationPlatforms) = postSolution
		{A9AD4F70-1082-4D46-B7C3-465B03FBA827}.Debug|Any CPU.ActiveCfg = Debug|Any CPU
		{A9AD4F70-1082-4D46-B7C3-465B03FBA827}.Debug|Any CPU.Build.0 = Debug|Any CPU
		{A9AD4F70-1082-4D46-B7C3-465B03FBA827}.Release|Any CPU.ActiveCfg = Release|Any CPU
		{A9AD4F70-1082-4D46-B7C3-465B03FBA827}.Release|Any CPU.Build.0 = Release|Any CPU
	EndGlobalSection
	GlobalSection(SolutionProperties) = preSolution
		HideSolutionNode = FALSE
	EndGlobalSection
	GlobalSection(ExtensibilityGlobals) = postSolution
		SolutionGuid = {5DFF16DB-AC1D-435C-9289-3A6DF84D161C}
	EndGlobalSection
EndGlobal
